
Microsoft Visual Studio Solution File, Format Version 12.00
# Visual Studio Version 16
VisualStudioVersion = 16.0.30413.136
MinimumVisualStudioVersion = 10.0.40219.1
Project("{8BC9CEB8-8B4A-11D0-8D11-00A0C91BC942}") = "MathLibrary", "MathLibrary\MathLibrary.vcxproj", "{74031CD6-4D70-4F7F-AB25-557825DAD67D}"
EndProject
Project("{8BC9CEB8-8B4A-11D0-8D11-00A0C91BC942}") = "MathClient", "MathClient\MathClient.vcxproj", "{7E185AA7-F017-4F1F-9196-71D0A205DF51}"
EndProject
Global
	GlobalSection(SolutionConfigurationPlatforms) = preSolution
		Debug|x64 = Debug|x64
		Debug|x86 = Debug|x86
		Release|x64 = Release|x64
		Release|x86 = Release|x86
	EndGlobalSection
	GlobalSection(ProjectConfigurationPlatforms) = postSolution
		{74031CD6-4D70-4F7F-AB25-557825DAD67D}.Debug|x64.ActiveCfg = Debug|x64
		{74031CD6-4D70-4F7F-AB25-557825DAD67D}.Debug|x64.Build.0 = Debug|x64
		{74031CD6-4D70-4F7F-AB25-557825DAD67D}.Debug|x86.ActiveCfg = Debug|Win32
		{74031CD6-4D70-4F7F-AB25-557825DAD67D}.Debug|x86.Build.0 = Debug|Win32
		{74031CD6-4D70-4F7F-AB25-557825DAD67D}.Release|x64.ActiveCfg = Release|x64
		{74031CD6-4D70-4F7F-AB25-557825DAD67D}.Release|x64.Build.0 = Release|x64
		{74031CD6-4D70-4F7F-AB25-557825DAD67D}.Release|x86.ActiveCfg = Release|Win32
		{74031CD6-4D70-4F7F-AB25-557825DAD67D}.Release|x86.Build.0 = Release|Win32
		{7E185AA7-F017-4F1F-9196-71D0A205DF51}.Debug|x64.ActiveCfg = Debug|x64
		{7E185AA7-F017-4F1F-9196-71D0A205DF51}.Debug|x64.Build.0 = Debug|x64
		{7E185AA7-F017-4F1F-9196-71D0A205DF51}.Debug|x86.ActiveCfg = Debug|Win32
		{7E185AA7-F017-4F1F-9196-71D0A205DF51}.Debug|x86.Build.0 = Debug|Win32
		{7E185AA7-F017-4F1F-9196-71D0A205DF51}.Release|x64.ActiveCfg = Release|x64
		{7E185AA7-F017-4F1F-9196-71D0A205DF51}.Release|x64.Build.0 = Release|x64
		{7E185AA7-F017-4F1F-9196-71D0A205DF51}.Release|x86.ActiveCfg = Release|Win32
		{7E185AA7-F017-4F1F-9196-71D0A205DF51}.Release|x86.Build.0 = Release|Win32
	EndGlobalSection
	GlobalSection(SolutionProperties) = preSolution
		HideSolutionNode = FALSE
	EndGlobalSection
	GlobalSection(ExtensibilityGlobals) = postSolution
		SolutionGuid = {8A8382AB-2E08-44A7-ABA2-FE3BEB38221D}
	EndGlobalSection
EndGlobal
